<?xml version="1.0" encoding="utf-8"?>
<Project ToolsVersion="4.0" xmlns="http://schemas.microsoft.com/developer/msbuild/2003">
  <ItemGroup>
    <Filter Include="include">
      <UniqueIdentifier>{3e74df32-38b1-4521-b277-6c5eb7ed3aa3}</UniqueIdentifier>
    </Filter>
    <Filter Include="source">
      <UniqueIdentifier>{da16ab5a-f911-4388-bea6-5f5709be393a}</UniqueIdentifier>
    </Filter>
    <Filter Include="include\details">
      <UniqueIdentifier>{a5061e0c-4a10-4d5f-bb63-b2b07f402e8c}</UniqueIdentifier>
    </Filter>
  </ItemGroup>
  <ItemGroup>
    <ClCompile Include="source\main.cpp">
      <Filter>source</Filter>
    </ClCompile>
  </ItemGroup>
  <ItemGroup>
    <ClInclude Include="include\details\callback.h">
      <Filter>include\details</Filter>
    </ClInclude>
    <ClInclude Include="include\event.h">
      <Filter>include</Filter>
    </ClInclude>
    <ClInclude Include="include\factory.h">
      <Filter>include</Filter>
    </ClInclude>
    <ClInclude Include="include\delegate.h">
      <Filter>include</Filter>
    </ClInclude>
    <ClInclude Include="include\details\function_traits.h">
      <Filter>include\details</Filter>
    </ClInclude>
    <ClInclude Include="include\eventpp.h">
      <Filter>include</Filter>
    </ClInclude>
  </ItemGroup>
</Project>